{
    "version": 3,
    "terraform_version": "0.11.10",
    "serial": 2,
    "lineage": "0eaa9275-c7f4-0c57-f197-5bd2c79b511e",
    "modules": [
        {
            "path": [
                "root"
            ],
            "outputs": {
                "google_compute_instance server_1 name ": {
                    "sensitive": false,
                    "type": "string",
                    "value": "srv--seemingly-likely-sure-squid"
                }
            },
            "resources": {
                "google_compute_instance.server_1": {
                    "type": "google_compute_instance",
                    "depends_on": [
                        "random_pet.srv_name"
                    ],
                    "primary": {
                        "id": "srv--seemingly-likely-sure-squid",
                        "attributes": {
                            "attached_disk.#": "0",
                            "boot_disk.#": "1",
                            "boot_disk.0.auto_delete": "true",
                            "boot_disk.0.device_name": "persistent-disk-0",
                            "boot_disk.0.disk_encryption_key_raw": "",
                            "boot_disk.0.disk_encryption_key_sha256": "",
                            "boot_disk.0.initialize_params.#": "1",
                            "boot_disk.0.initialize_params.0.image": "https://www.googleapis.com/compute/v1/projects/ubuntu-os-cloud/global/images/ubuntu-1810-cosmic-v20190514",
                            "boot_disk.0.initialize_params.0.size": "10",
                            "boot_disk.0.initialize_params.0.type": "pd-standard",
                            "boot_disk.0.kms_key_self_link": "",
                            "boot_disk.0.source": "https://www.googleapis.com/compute/v1/projects/test-proj-241215/zones/us-central1-a/disks/srv--seemingly-likely-sure-squid",
                            "can_ip_forward": "false",
                            "cpu_platform": "Intel Haswell",
                            "deletion_protection": "false",
                            "guest_accelerator.#": "0",
                            "hostname": "",
                            "id": "srv--seemingly-likely-sure-squid",
                            "instance_id": "4026411595985851599",
                            "label_fingerprint": "42WmSpB8rSM=",
                            "labels.%": "0",
                            "machine_type": "n1-standard-1",
                            "metadata.%": "0",
                            "metadata_fingerprint": "AqgzQKoxUtg=",
                            "metadata_startup_script": "",
                            "min_cpu_platform": "",
                            "name": "srv--seemingly-likely-sure-squid",
                            "network_interface.#": "1",
                            "network_interface.0.access_config.#": "0",
                            "network_interface.0.address": "",
                            "network_interface.0.alias_ip_range.#": "0",
                            "network_interface.0.name": "nic0",
                            "network_interface.0.network": "https://www.googleapis.com/compute/v1/projects/test-proj-241215/global/networks/default",
                            "network_interface.0.network_ip": "10.128.0.3",
                            "network_interface.0.subnetwork": "https://www.googleapis.com/compute/v1/projects/test-proj-241215/regions/us-central1/subnetworks/default",
                            "network_interface.0.subnetwork_project": "test-proj-241215",
                            "project": "test-proj-241215",
                            "scheduling.#": "1",
                            "scheduling.0.automatic_restart": "true",
                            "scheduling.0.node_affinities.#": "0",
                            "scheduling.0.on_host_maintenance": "MIGRATE",
                            "scheduling.0.preemptible": "false",
                            "scratch_disk.#": "0",
                            "self_link": "https://www.googleapis.com/compute/v1/projects/test-proj-241215/zones/us-central1-a/instances/srv--seemingly-likely-sure-squid",
                            "service_account.#": "0",
                            "shielded_instance_config.#": "0",
                            "tags.#": "2",
                            "tags.1367484615": "first-macihne",
                            "tags.3908262406": "testing",
                            "tags_fingerprint": "K_S0252NxgI=",
                            "zone": "us-central1-a"
                        },
                        "meta": {
                            "e2bfb730-ecaa-11e6-8f88-34363bc7c4c0": {
                                "create": 360000000000,
                                "delete": 360000000000,
                                "update": 360000000000
                            },
                            "schema_version": "6"
                        },
                        "tainted": false
                    },
                    "deposed": [],
                    "provider": "provider.google"
                },
                "random_pet.other_resource": {
                    "type": "random_pet",
                    "depends_on": [],
                    "primary": {
                        "id": "other--deeply-slowly-quickly-actually-remotely-deadly-accurately-informally-relative-martin",
                        "attributes": {
                            "id": "other--deeply-slowly-quickly-actually-remotely-deadly-accurately-informally-relative-martin",
                            "length": "10",
                            "prefix": "other-",
                            "separator": "-"
                        },
                        "meta": {},
                        "tainted": false
                    },
                    "deposed": [],
                    "provider": "provider.random"
                },
                "random_pet.srv_name": {
                    "type": "random_pet",
                    "depends_on": [],
                    "primary": {
                        "id": "srv--seemingly-likely-sure-squid",
                        "attributes": {
                            "id": "srv--seemingly-likely-sure-squid",
                            "length": "4",
                            "prefix": "srv-",
                            "separator": "-"
                        },
                        "meta": {},
                        "tainted": false
                    },
                    "deposed": [],
                    "provider": "provider.random"
                }
            },
            "depends_on": []
        }
    ]
}
